
Microsoft Visual Studio Solution File, Format Version 12.00
# Visual Studio Version 17
VisualStudioVersion = 17.9.34728.123
MinimumVisualStudioVersion = 10.0.40219.1
Project("{9A19103F-16F7-4668-BE54-9A1E7A4F7556}") = "NZWalks.API", "NZWalks.API\NZWalks.API.csproj", "{D450C8DD-06C4-4BB3-9C8C-E32FCADBE1A2}"
EndProject
Project("{FAE04EC0-301F-11D3-BF4B-00C04F79EFBC}") = "NZWalks.UI", "NZWalks.UI\NZWalks.UI.csproj", "{F36FAF06-212A-4741-B8AF-01F5E1D824D5}"
EndProject
Global
	GlobalSection(SolutionConfigurationPlatforms) = preSolution
		Debug|Any CPU = Debug|Any CPU
		Release|Any CPU = Release|Any CPU
	EndGlobalSection
	GlobalSection(ProjectConfigurationPlatforms) = postSolution
		{D450C8DD-06C4-4BB3-9C8C-E32FCADBE1A2}.Debug|Any CPU.ActiveCfg = Debug|Any CPU
		{D450C8DD-06C4-4BB3-9C8C-E32FCADBE1A2}.Debug|Any CPU.Build.0 = Debug|Any CPU
		{D450C8DD-06C4-4BB3-9C8C-E32FCADBE1A2}.Release|Any CPU.ActiveCfg = Release|Any CPU
		{D450C8DD-06C4-4BB3-9C8C-E32FCADBE1A2}.Release|Any CPU.Build.0 = Release|Any CPU
		{F36FAF06-212A-4741-B8AF-01F5E1D824D5}.Debug|Any CPU.ActiveCfg = Debug|Any CPU
		{F36FAF06-212A-4741-B8AF-01F5E1D824D5}.Debug|Any CPU.Build.0 = Debug|Any CPU
		{F36FAF06-212A-4741-B8AF-01F5E1D824D5}.Release|Any CPU.ActiveCfg = Release|Any CPU
		{F36FAF06-212A-4741-B8AF-01F5E1D824D5}.Release|Any CPU.Build.0 = Release|Any CPU
	EndGlobalSection
	GlobalSection(SolutionProperties) = preSolution
		HideSolutionNode = FALSE
	EndGlobalSection
	GlobalSection(ExtensibilityGlobals) = postSolution
		SolutionGuid = {FF8C0CAE-D7AD-403D-B67C-D5922A0291DA}
	EndGlobalSection
EndGlobal
